
Microsoft Visual Studio Solution File, Format Version 12.00
# Visual Studio Version 16
VisualStudioVersion = 16.0.29709.97
MinimumVisualStudioVersion = 10.0.40219.1
Project("{FAE04EC0-301F-11D3-BF4B-00C04F79EFBC}") = "AppTotutrial2.Android", "AppTotutrial2.Android\AppTotutrial2.Android.csproj", "{D393F459-5E40-4FF1-985C-4A84BCBA5C56}"
EndProject
Project("{FAE04EC0-301F-11D3-BF4B-00C04F79EFBC}") = "AppTotutrial2.iOS", "AppTotutrial2.iOS\AppTotutrial2.iOS.csproj", "{FF102092-7E7E-404A-8280-AB04503DFF58}"
EndProject
Project("{FAE04EC0-301F-11D3-BF4B-00C04F79EFBC}") = "AppTotutrial2", "AppTotutrial2\AppTotutrial2.csproj", "{E1427F5A-CEE7-49EC-8A15-96B31F311C48}"
EndProject
Global
	GlobalSection(SolutionConfigurationPlatforms) = preSolution
		Debug|Any CPU = Debug|Any CPU
		Debug|iPhone = Debug|iPhone
		Debug|iPhoneSimulator = Debug|iPhoneSimulator
		Release|Any CPU = Release|Any CPU
		Release|iPhone = Release|iPhone
		Release|iPhoneSimulator = Release|iPhoneSimulator
	EndGlobalSection
	GlobalSection(ProjectConfigurationPlatforms) = postSolution
		{D393F459-5E40-4FF1-985C-4A84BCBA5C56}.Debug|Any CPU.ActiveCfg = Debug|Any CPU
		{D393F459-5E40-4FF1-985C-4A84BCBA5C56}.Debug|Any CPU.Build.0 = Debug|Any CPU
		{D393F459-5E40-4FF1-985C-4A84BCBA5C56}.Debug|Any CPU.Deploy.0 = Debug|Any CPU
		{D393F459-5E40-4FF1-985C-4A84BCBA5C56}.Debug|iPhone.ActiveCfg = Debug|Any CPU
		{D393F459-5E40-4FF1-985C-4A84BCBA5C56}.Debug|iPhone.Build.0 = Debug|Any CPU
		{D393F459-5E40-4FF1-985C-4A84BCBA5C56}.Debug|iPhone.Deploy.0 = Debug|Any CPU
		{D393F459-5E40-4FF1-985C-4A84BCBA5C56}.Debug|iPhoneSimulator.ActiveCfg = Debug|Any CPU
		{D393F459-5E40-4FF1-985C-4A84BCBA5C56}.Debug|iPhoneSimulator.Build.0 = Debug|Any CPU
		{D393F459-5E40-4FF1-985C-4A84BCBA5C56}.Debug|iPhoneSimulator.Deploy.0 = Debug|Any CPU
		{D393F459-5E40-4FF1-985C-4A84BCBA5C56}.Release|Any CPU.ActiveCfg = Release|Any CPU
		{D393F459-5E40-4FF1-985C-4A84BCBA5C56}.Release|Any CPU.Build.0 = Release|Any CPU
		{D393F459-5E40-4FF1-985C-4A84BCBA5C56}.Release|Any CPU.Deploy.0 = Release|Any CPU
		{D393F459-5E40-4FF1-985C-4A84BCBA5C56}.Release|iPhone.ActiveCfg = Release|Any CPU
		{D393F459-5E40-4FF1-985C-4A84BCBA5C56}.Release|iPhone.Build.0 = Release|Any CPU
		{D393F459-5E40-4FF1-985C-4A84BCBA5C56}.Release|iPhone.Deploy.0 = Release|Any CPU
		{D393F459-5E40-4FF1-985C-4A84BCBA5C56}.Release|iPhoneSimulator.ActiveCfg = Release|Any CPU
		{D393F459-5E40-4FF1-985C-4A84BCBA5C56}.Release|iPhoneSimulator.Build.0 = Release|Any CPU
		{D393F459-5E40-4FF1-985C-4A84BCBA5C56}.Release|iPhoneSimulator.Deploy.0 = Release|Any CPU
		{FF102092-7E7E-404A-8280-AB04503DFF58}.Debug|Any CPU.ActiveCfg = Debug|iPhoneSimulator
		{FF102092-7E7E-404A-8280-AB04503DFF58}.Debug|Any CPU.Build.0 = Debug|iPhoneSimulator
		{FF102092-7E7E-404A-8280-AB04503DFF58}.Debug|Any CPU.Deploy.0 = Debug|iPhoneSimulator
		{FF102092-7E7E-404A-8280-AB04503DFF58}.Debug|iPhone.ActiveCfg = Debug|iPhone
		{FF102092-7E7E-404A-8280-AB04503DFF58}.Debug|iPhone.Build.0 = Debug|iPhone
		{FF102092-7E7E-404A-8280-AB04503DFF58}.Debug|iPhone.Deploy.0 = Debug|iPhone
		{FF102092-7E7E-404A-8280-AB04503DFF58}.Debug|iPhoneSimulator.ActiveCfg = Debug|iPhoneSimulator
		{FF102092-7E7E-404A-8280-AB04503DFF58}.Debug|iPhoneSimulator.Build.0 = Debug|iPhoneSimulator
		{FF102092-7E7E-404A-8280-AB04503DFF58}.Debug|iPhoneSimulator.Deploy.0 = Debug|iPhoneSimulator
		{FF102092-7E7E-404A-8280-AB04503DFF58}.Release|Any CPU.ActiveCfg = Release|iPhone
		{FF102092-7E7E-404A-8280-AB04503DFF58}.Release|Any CPU.Build.0 = Release|iPhone
		{FF102092-7E7E-404A-8280-AB04503DFF58}.Release|Any CPU.Deploy.0 = Release|iPhone
		{FF102092-7E7E-404A-8280-AB04503DFF58}.Release|iPhone.ActiveCfg = Release|iPhone
		{FF102092-7E7E-404A-8280-AB04503DFF58}.Release|iPhone.Build.0 = Release|iPhone
		{FF102092-7E7E-404A-8280-AB04503DFF58}.Release|iPhone.Deploy.0 = Release|iPhone
		{FF102092-7E7E-404A-8280-AB04503DFF58}.Release|iPhoneSimulator.ActiveCfg = Release|iPhoneSimulator
		{FF102092-7E7E-404A-8280-AB04503DFF58}.Release|iPhoneSimulator.Build.0 = Release|iPhoneSimulator
		{FF102092-7E7E-404A-8280-AB04503DFF58}.Release|iPhoneSimulator.Deploy.0 = Release|iPhoneSimulator
		{E1427F5A-CEE7-49EC-8A15-96B31F311C48}.Debug|Any CPU.ActiveCfg = Debug|Any CPU
		{E1427F5A-CEE7-49EC-8A15-96B31F311C48}.Debug|Any CPU.Build.0 = Debug|Any CPU
		{E1427F5A-CEE7-49EC-8A15-96B31F311C48}.Debug|Any CPU.Deploy.0 = Debug|Any CPU
		{E1427F5A-CEE7-49EC-8A15-96B31F311C48}.Debug|iPhone.ActiveCfg = Debug|Any CPU
		{E1427F5A-CEE7-49EC-8A15-96B31F311C48}.Debug|iPhone.Build.0 = Debug|Any CPU
		{E1427F5A-CEE7-49EC-8A15-96B31F311C48}.Debug|iPhone.Deploy.0 = Debug|Any CPU
		{E1427F5A-CEE7-49EC-8A15-96B31F311C48}.Debug|iPhoneSimulator.ActiveCfg = Debug|Any CPU
		{E1427F5A-CEE7-49EC-8A15-96B31F311C48}.Debug|iPhoneSimulator.Build.0 = Debug|Any CPU
		{E1427F5A-CEE7-49EC-8A15-96B31F311C48}.Debug|iPhoneSimulator.Deploy.0 = Debug|Any CPU
		{E1427F5A-CEE7-49EC-8A15-96B31F311C48}.Release|Any CPU.ActiveCfg = Release|Any CPU
		{E1427F5A-CEE7-49EC-8A15-96B31F311C48}.Release|Any CPU.Build.0 = Release|Any CPU
		{E1427F5A-CEE7-49EC-8A15-96B31F311C48}.Release|Any CPU.Deploy.0 = Release|Any CPU
		{E1427F5A-CEE7-49EC-8A15-96B31F311C48}.Release|iPhone.ActiveCfg = Release|Any CPU
		{E1427F5A-CEE7-49EC-8A15-96B31F311C48}.Release|iPhone.Build.0 = Release|Any CPU
		{E1427F5A-CEE7-49EC-8A15-96B31F311C48}.Release|iPhone.Deploy.0 = Release|Any CPU
		{E1427F5A-CEE7-49EC-8A15-96B31F311C48}.Release|iPhoneSimulator.ActiveCfg = Release|Any CPU
		{E1427F5A-CEE7-49EC-8A15-96B31F311C48}.Release|iPhoneSimulator.Build.0 = Release|Any CPU
		{E1427F5A-CEE7-49EC-8A15-96B31F311C48}.Release|iPhoneSimulator.Deploy.0 = Release|Any CPU
	EndGlobalSection
	GlobalSection(SolutionProperties) = preSolution
		HideSolutionNode = FALSE
	EndGlobalSection
	GlobalSection(ExtensibilityGlobals) = postSolution
		SolutionGuid = {8AAE8F09-8097-4F91-B8A6-C67EC902D51A}
	EndGlobalSection
EndGlobal
